
Microsoft Visual Studio Solution File, Format Version 12.00
# Visual Studio Version 17
VisualStudioVersion = 17.12.35521.163 d17.12
MinimumVisualStudioVersion = 10.0.40219.1
Project("{FAE04EC0-301F-11D3-BF4B-00C04F79EFBC}") = "MathMLToLaTex", "MathMLToLaTex.csproj", "{F5040A95-EA42-4744-BB5A-F2199FB9F9B6}"
EndProject
Global
	GlobalSection(SolutionConfigurationPlatforms) = preSolution
		Debug|Any CPU = Debug|Any CPU
		Release|Any CPU = Release|Any CPU
	EndGlobalSection
	GlobalSection(ProjectConfigurationPlatforms) = postSolution
		{F5040A95-EA42-4744-BB5A-F2199FB9F9B6}.Debug|Any CPU.ActiveCfg = Debug|Any CPU
		{F5040A95-EA42-4744-BB5A-F2199FB9F9B6}.Debug|Any CPU.Build.0 = Debug|Any CPU
		{F5040A95-EA42-4744-BB5A-F2199FB9F9B6}.Release|Any CPU.ActiveCfg = Release|Any CPU
		{F5040A95-EA42-4744-BB5A-F2199FB9F9B6}.Release|Any CPU.Build.0 = Release|Any CPU
	EndGlobalSection
	GlobalSection(SolutionProperties) = preSolution
		HideSolutionNode = FALSE
	EndGlobalSection
EndGlobal
